dependencies:
- name: microservice
  repository: file://../charts/microservice
  version: 0.1.0
- name: microservice
  repository: file://../charts/microservice
  version: 0.1.0
- name: microservice
  repository: file://../charts/microservice
  version: 0.1.0
- name: microservice
  repository: file://../charts/microservice
  version: 0.1.0
- name: microservice
  repository: file://../charts/microservice
  version: 0.1.0
- name: microservice
  repository: file://../charts/microservice
  version: 0.1.0
- name: microservice
  repository: file://../charts/microservice
  version: 0.1.0
- name: microservice
  repository: file://../charts/microservice
  version: 0.1.0
- name: microservice
  repository: file://../charts/microservice
  version: 0.1.0
- name: microservice
  repository: file://../charts/microservice
  version: 0.1.0
- name: microservice
  repository: file://../charts/microservice
  version: 0.1.0
- name: microservice
  repository: file://../charts/microservice
  version: 0.1.0
- name: microservice
  repository: file://../charts/microservice
  version: 0.1.0
- name: microservice
  repository: file://../charts/microservice
  version: 0.1.0
- name: microservice
  repository: file://../charts/microservice
  version: 0.1.0
- name: microservice
  repository: file://../charts/microservice
  version: 0.1.0
- name: microservice
  repository: file://../charts/microservice
  version: 0.1.0
- name: microservice
  repository: file://../charts/microservice
  version: 0.1.0
- name: microservice
  repository: file://../charts/microservice
  version: 0.1.0
- name: microservice
  repository: file://../charts/microservice
  version: 0.1.0
- name: microservice
  repository: file://../charts/microservice
  version: 0.1.0
- name: microservice
  repository: file://../charts/microservice
  version: 0.1.0
- name: microservice
  repository: file://../charts/microservice
  version: 0.1.0
- name: microservice
  repository: file://../charts/microservice
  version: 0.1.0
- name: microservice
  repository: file://../charts/microservice
  version: 0.1.0
- name: microservice
  repository: file://../charts/microservice
  version: 0.1.0
digest: sha256:cc99b4160616ee875eb7dad3e5d4710afb4e0ed913a12b7dcdc0ebce44366ce4
generated: "2026-06-01T23:12:52.1833265-04:00"
